<?xml version="1.0" encoding="utf-8"?>
<Project ToolsVersion="4.0" xmlns="http://schemas.microsoft.com/developer/msbuild/2003">
  <ItemGroup>
    <Filter Include="Source Files">
      <UniqueIdentifier>{4FC737F1-C7A5-4376-A066-2A32D752A2FF}</UniqueIdentifier>
      <Extensions>cpp;c;cc;cxx;def;odl;idl;hpj;bat;asm;asmx</Extensions>
    </Filter>
    <Filter Include="Header Files">
      <UniqueIdentifier>{93995380-89BD-4b04-88EB-625FBE52EBFB}</UniqueIdentifier>
      <Extensions>h;hh;hpp;hxx;hm;inl;inc;xsd</Extensions>
    </Filter>
    <Filter Include="Resource Files">
      <UniqueIdentifier>{67DA6AB6-F800-4c08-8B7A-83BB121AAD01}</UniqueIdentifier>
      <Extensions>rc;ico;cur;bmp;dlg;rc2;rct;bin;rgs;gif;jpg;jpeg;jpe;resx;tiff;tif;png;wav;mfcribbon-ms</Extensions>
    </Filter>
    <Filter Include="Source">
      <UniqueIdentifier>{d00c66d8-0289-45d5-8e26-38cfb6913528}</UniqueIdentifier>
    </Filter>
  </ItemGroup>
  <ItemGroup>
    <ClCompile Include="dpm_cascade.cpp">
      <Filter>Source</Filter>
    </ClCompile>
    <ClCompile Include="dpm_cascade_detector.cpp">
      <Filter>Source</Filter>
    </ClCompile>
    <ClCompile Include="dpm_convolution.cpp">
      <Filter>Source</Filter>
    </ClCompile>
    <ClCompile Include="dpm_feature.cpp">
      <Filter>Source</Filter>
    </ClCompile>
    <ClCompile Include="dpm_model.cpp">
      <Filter>Source</Filter>
    </ClCompile>
    <ClCompile Include="dpm_nms.cpp">
      <Filter>Source</Filter>
    </ClCompile>
    <ClCompile Include="precomp.cpp">
      <Filter>Source</Filter>
    </ClCompile>
    <ClCompile Include="main.cpp">
      <Filter>Source Files</Filter>
    </ClCompile>
    <ClCompile Include="testharness.cpp">
      <Filter>Source Files</Filter>
    </ClCompile>
  </ItemGroup>
  <ItemGroup>
    <ClInclude Include="opencv2\dpm.hpp">
      <Filter>Header Files</Filter>
    </ClInclude>
    <ClInclude Include="dpm_cascade.hpp">
      <Filter>Source</Filter>
    </ClInclude>
    <ClInclude Include="dpm_convolution.hpp">
      <Filter>Source</Filter>
    </ClInclude>
    <ClInclude Include="dpm_feature.hpp">
      <Filter>Source</Filter>
    </ClInclude>
    <ClInclude Include="dpm_model.hpp">
      <Filter>Source</Filter>
    </ClInclude>
    <ClInclude Include="dpm_nms.hpp">
      <Filter>Source</Filter>
    </ClInclude>
    <ClInclude Include="precomp.hpp">
      <Filter>Source</Filter>
    </ClInclude>
    <ClInclude Include="testharness.h">
      <Filter>Source Files</Filter>
    </ClInclude>
  </ItemGroup>
</Project>